// !$*UTF8*$!
{
	archiveVersion = 1;
	classes = {
	};
	objectVersion = 50;
	objects = {

/* Begin PBXBuildFile section */
		8F12A8912117DEF4006E32D8 /* Place.storyboard in Resources */ = {isa = PBXBuildFile; fileRef = 8F12A8902117DEF4006E32D8 /* Place.storyboard */; };
		8F184FCD2114DF4A00CF2749 /* AppDelegate.swift in Sources */ = {isa = PBXBuildFile; fileRef = 8F184FCC2114DF4A00CF2749 /* AppDelegate.swift */; };
		8F184FD22114DF4A00CF2749 /* Main.storyboard in Resources */ = {isa = PBXBuildFile; fileRef = 8F184FD02114DF4A00CF2749 /* Main.storyboard */; };
		8F184FD42114DF4B00CF2749 /* Assets.xcassets in Resources */ = {isa = PBXBuildFile; fileRef = 8F184FD32114DF4B00CF2749 /* Assets.xcassets */; };
		8F184FD72114DF4B00CF2749 /* LaunchScreen.storyboard in Resources */ = {isa = PBXBuildFile; fileRef = 8F184FD52114DF4B00CF2749 /* LaunchScreen.storyboard */; };
		8F184FDF2114E62300CF2749 /* MapViewController.swift in Sources */ = {isa = PBXBuildFile; fileRef = 8F184FDE2114E62300CF2749 /* MapViewController.swift */; };
		8F184FE12114E70000CF2749 /* YourListViewController.swift in Sources */ = {isa = PBXBuildFile; fileRef = 8F184FE02114E70000CF2749 /* YourListViewController.swift */; };
		8F184FE32114E71C00CF2749 /* ContinentsViewController.swift in Sources */ = {isa = PBXBuildFile; fileRef = 8F184FE22114E71C00CF2749 /* ContinentsViewController.swift */; };
		8F184FE82114EC5E00CF2749 /* CountriesViewController.swift in Sources */ = {isa = PBXBuildFile; fileRef = 8F184FE72114EC5E00CF2749 /* CountriesViewController.swift */; };
		8F184FEA2114EC6A00CF2749 /* CitiesViewController.swift in Sources */ = {isa = PBXBuildFile; fileRef = 8F184FE92114EC6A00CF2749 /* CitiesViewController.swift */; };
		8F184FEC2114ECC500CF2749 /* DayPlansTableViewController.swift in Sources */ = {isa = PBXBuildFile; fileRef = 8F184FEB2114ECC500CF2749 /* DayPlansTableViewController.swift */; };
		8F184FEE2114ED1700CF2749 /* TripViewController.swift in Sources */ = {isa = PBXBuildFile; fileRef = 8F184FED2114ED1700CF2749 /* TripViewController.swift */; };
		8F184FF02114EE2D00CF2749 /* ExpensesViewController.swift in Sources */ = {isa = PBXBuildFile; fileRef = 8F184FEF2114EE2D00CF2749 /* ExpensesViewController.swift */; };
		8F184FF22114EE5600CF2749 /* PlanViewController.swift in Sources */ = {isa = PBXBuildFile; fileRef = 8F184FF12114EE5600CF2749 /* PlanViewController.swift */; };
		8F3EBFB92118ACBE00CFC124 /* AppStoryboard.swift in Sources */ = {isa = PBXBuildFile; fileRef = 8F3EBFB82118ACBE00CFC124 /* AppStoryboard.swift */; };
		8F3EBFBB2118BE8800CFC124 /* UIViewController+Additions.swift in Sources */ = {isa = PBXBuildFile; fileRef = 8F3EBFBA2118BE8800CFC124 /* UIViewController+Additions.swift */; };
		8F6257E521167EDB00794E4D /* TrvlrAPI.swift in Sources */ = {isa = PBXBuildFile; fileRef = 8F6257E421167EDB00794E4D /* TrvlrAPI.swift */; };
		8F6257E72116881700794E4D /* HomeViewController.swift in Sources */ = {isa = PBXBuildFile; fileRef = 8F6257E62116881700794E4D /* HomeViewController.swift */; };
		8F6257E921168F2400794E4D /* Errors.swift in Sources */ = {isa = PBXBuildFile; fileRef = 8F6257E821168F2400794E4D /* Errors.swift */; };
		8F6257EB2116909800794E4D /* Continent.swift in Sources */ = {isa = PBXBuildFile; fileRef = 8F6257EA2116909800794E4D /* Continent.swift */; };
		8FB651AE2118F96E00552D44 /* CountryCell.swift in Sources */ = {isa = PBXBuildFile; fileRef = 8FB651AD2118F96E00552D44 /* CountryCell.swift */; };
		8FB651B12118FD8D00552D44 /* Country.swift in Sources */ = {isa = PBXBuildFile; fileRef = 8FB651B02118FD8D00552D44 /* Country.swift */; };
/* End PBXBuildFile section */

/* Begin PBXFileReference section */
		8F12A8902117DEF4006E32D8 /* Place.storyboard */ = {isa = PBXFileReference; lastKnownFileType = file.storyboard; path = Place.storyboard; sourceTree = "<group>"; };
		8F184FC92114DF4A00CF2749 /* Trvlr.app */ = {isa = PBXFileReference; explicitFileType = wrapper.application; includeInIndex = 0; path = Trvlr.app; sourceTree = BUILT_PRODUCTS_DIR; };
		8F184FCC2114DF4A00CF2749 /* AppDelegate.swift */ = {isa = PBXFileReference; lastKnownFileType = sourcecode.swift; path = AppDelegate.swift; sourceTree = "<group>"; };
		8F184FD12114DF4A00CF2749 /* Base */ = {isa = PBXFileReference; lastKnownFileType = file.storyboard; name = Base; path = Base.lproj/Main.storyboard; sourceTree = "<group>"; };
		8F184FD32114DF4B00CF2749 /* Assets.xcassets */ = {isa = PBXFileReference; lastKnownFileType = folder.assetcatalog; path = Assets.xcassets; sourceTree = "<group>"; };
		8F184FD62114DF4B00CF2749 /* Base */ = {isa = PBXFileReference; lastKnownFileType = file.storyboard; name = Base; path = Base.lproj/LaunchScreen.storyboard; sourceTree = "<group>"; };
		8F184FD82114DF4B00CF2749 /* Info.plist */ = {isa = PBXFileReference; lastKnownFileType = text.plist.xml; path = Info.plist; sourceTree = "<group>"; };
		8F184FDE2114E62300CF2749 /* MapViewController.swift */ = {isa = PBXFileReference; lastKnownFileType = sourcecode.swift; path = MapViewController.swift; sourceTree = "<group>"; };
		8F184FE02114E70000CF2749 /* YourListViewController.swift */ = {isa = PBXFileReference; lastKnownFileType = sourcecode.swift; path = YourListViewController.swift; sourceTree = "<group>"; };
		8F184FE22114E71C00CF2749 /* ContinentsViewController.swift */ = {isa = PBXFileReference; lastKnownFileType = sourcecode.swift; path = ContinentsViewController.swift; sourceTree = "<group>"; };
		8F184FE72114EC5E00CF2749 /* CountriesViewController.swift */ = {isa = PBXFileReference; lastKnownFileType = sourcecode.swift; path = CountriesViewController.swift; sourceTree = "<group>"; };
		8F184FE92114EC6A00CF2749 /* CitiesViewController.swift */ = {isa = PBXFileReference; lastKnownFileType = sourcecode.swift; path = CitiesViewController.swift; sourceTree = "<group>"; };
		8F184FEB2114ECC500CF2749 /* DayPlansTableViewController.swift */ = {isa = PBXFileReference; lastKnownFileType = sourcecode.swift; path = DayPlansTableViewController.swift; sourceTree = "<group>"; };
		8F184FED2114ED1700CF2749 /* TripViewController.swift */ = {isa = PBXFileReference; lastKnownFileType = sourcecode.swift; path = TripViewController.swift; sourceTree = "<group>"; };
		8F184FEF2114EE2D00CF2749 /* ExpensesViewController.swift */ = {isa = PBXFileReference; lastKnownFileType = sourcecode.swift; path = ExpensesViewController.swift; sourceTree = "<group>"; };
		8F184FF12114EE5600CF2749 /* PlanViewController.swift */ = {isa = PBXFileReference; lastKnownFileType = sourcecode.swift; path = PlanViewController.swift; sourceTree = "<group>"; };
		8F3EBFB82118ACBE00CFC124 /* AppStoryboard.swift */ = {isa = PBXFileReference; lastKnownFileType = sourcecode.swift; path = AppStoryboard.swift; sourceTree = "<group>"; };
		8F3EBFBA2118BE8800CFC124 /* UIViewController+Additions.swift */ = {isa = PBXFileReference; lastKnownFileType = sourcecode.swift; path = "UIViewController+Additions.swift"; sourceTree = "<group>"; };
		8F6257E421167EDB00794E4D /* TrvlrAPI.swift */ = {isa = PBXFileReference; lastKnownFileType = sourcecode.swift; path = TrvlrAPI.swift; sourceTree = "<group>"; };
		8F6257E62116881700794E4D /* HomeViewController.swift */ = {isa = PBXFileReference; lastKnownFileType = sourcecode.swift; path = HomeViewController.swift; sourceTree = "<group>"; };
		8F6257E821168F2400794E4D /* Errors.swift */ = {isa = PBXFileReference; lastKnownFileType = sourcecode.swift; path = Errors.swift; sourceTree = "<group>"; };
		8F6257EA2116909800794E4D /* Continent.swift */ = {isa = PBXFileReference; lastKnownFileType = sourcecode.swift; path = Continent.swift; sourceTree = "<group>"; };
		8FB651AD2118F96E00552D44 /* CountryCell.swift */ = {isa = PBXFileReference; lastKnownFileType = sourcecode.swift; path = CountryCell.swift; sourceTree = "<group>"; };
		8FB651B02118FD8D00552D44 /* Country.swift */ = {isa = PBXFileReference; lastKnownFileType = sourcecode.swift; path = Country.swift; sourceTree = "<group>"; };
/* End PBXFileReference section */

/* Begin PBXFrameworksBuildPhase section */
		8F184FC62114DF4A00CF2749 /* Frameworks */ = {
			isa = PBXFrameworksBuildPhase;
			buildActionMask = 2147483647;
			files = (
			);
			runOnlyForDeploymentPostprocessing = 0;
		};
/* End PBXFrameworksBuildPhase section */

/* Begin PBXGroup section */
		8F184FC02114DF4A00CF2749 = {
			isa = PBXGroup;
			children = (
				8F3EBFBC2118BE9800CFC124 /* Extensions */,
				8F6257E321167EB300794E4D /* Utils */,
				8F6257E22116784600794E4D /* Models */,
				8F6257E12116781300794E4D /* View Controllers */,
				8FB651AF2118F97B00552D44 /* Custom Views */,
				8F184FCB2114DF4A00CF2749 /* Trvlr */,
				8F184FCA2114DF4A00CF2749 /* Products */,
			);
			sourceTree = "<group>";
		};
		8F184FCA2114DF4A00CF2749 /* Products */ = {
			isa = PBXGroup;
			children = (
				8F184FC92114DF4A00CF2749 /* Trvlr.app */,
			);
			name = Products;
			sourceTree = "<group>";
		};
		8F184FCB2114DF4A00CF2749 /* Trvlr */ = {
			isa = PBXGroup;
			children = (
				8F12A8902117DEF4006E32D8 /* Place.storyboard */,
				8F184FD02114DF4A00CF2749 /* Main.storyboard */,
				8F184FD32114DF4B00CF2749 /* Assets.xcassets */,
				8F184FD52114DF4B00CF2749 /* LaunchScreen.storyboard */,
				8F184FCC2114DF4A00CF2749 /* AppDelegate.swift */,
				8F184FD82114DF4B00CF2749 /* Info.plist */,
			);
			path = Trvlr;
			sourceTree = "<group>";
		};
		8F3EBFBC2118BE9800CFC124 /* Extensions */ = {
			isa = PBXGroup;
			children = (
				8F3EBFBA2118BE8800CFC124 /* UIViewController+Additions.swift */,
			);
			path = Extensions;
			sourceTree = "<group>";
		};
		8F6257E12116781300794E4D /* View Controllers */ = {
			isa = PBXGroup;
			children = (
				8F3EBFB82118ACBE00CFC124 /* AppStoryboard.swift */,
				8F184FDE2114E62300CF2749 /* MapViewController.swift */,
				8F184FED2114ED1700CF2749 /* TripViewController.swift */,
				8F184FF12114EE5600CF2749 /* PlanViewController.swift */,
				8F6257E62116881700794E4D /* HomeViewController.swift */,
				8F184FEB2114ECC500CF2749 /* DayPlansTableViewController.swift */,
				8F184FEF2114EE2D00CF2749 /* ExpensesViewController.swift */,
				8F184FE22114E71C00CF2749 /* ContinentsViewController.swift */,
				8F184FE72114EC5E00CF2749 /* CountriesViewController.swift */,
				8F184FE92114EC6A00CF2749 /* CitiesViewController.swift */,
				8F184FE02114E70000CF2749 /* YourListViewController.swift */,
			);
			path = "View Controllers";
			sourceTree = "<group>";
		};
		8F6257E22116784600794E4D /* Models */ = {
			isa = PBXGroup;
			children = (
				8F6257EA2116909800794E4D /* Continent.swift */,
				8FB651B02118FD8D00552D44 /* Country.swift */,
			);
			path = Models;
			sourceTree = "<group>";
		};
		8F6257E321167EB300794E4D /* Utils */ = {
			isa = PBXGroup;
			children = (
				8F6257E421167EDB00794E4D /* TrvlrAPI.swift */,
				8F6257E821168F2400794E4D /* Errors.swift */,
			);
			path = Utils;
			sourceTree = "<group>";
		};
		8FB651AF2118F97B00552D44 /* Custom Views */ = {
			isa = PBXGroup;
			children = (
				8FB651AD2118F96E00552D44 /* CountryCell.swift */,
			);
			path = "Custom Views";
			sourceTree = "<group>";
		};
/* End PBXGroup section */

/* Begin PBXNativeTarget section */
		8F184FC82114DF4A00CF2749 /* Trvlr */ = {
			isa = PBXNativeTarget;
			buildConfigurationList = 8F184FDB2114DF4B00CF2749 /* Build configuration list for PBXNativeTarget "Trvlr" */;
			buildPhases = (
				8F184FC52114DF4A00CF2749 /* Sources */,
				8F184FC62114DF4A00CF2749 /* Frameworks */,
				8F184FC72114DF4A00CF2749 /* Resources */,
			);
			buildRules = (
			);
			dependencies = (
			);
			name = Trvlr;
			productName = Trvlr;
			productReference = 8F184FC92114DF4A00CF2749 /* Trvlr.app */;
			productType = "com.apple.product-type.application";
		};
/* End PBXNativeTarget section */

/* Begin PBXProject section */
		8F184FC12114DF4A00CF2749 /* Project object */ = {
			isa = PBXProject;
			attributes = {
				LastSwiftUpdateCheck = 0940;
				LastUpgradeCheck = 0940;
				ORGANIZATIONNAME = "Vo Huy";
				TargetAttributes = {
					8F184FC82114DF4A00CF2749 = {
						CreatedOnToolsVersion = 9.4.1;
					};
				};
			};
			buildConfigurationList = 8F184FC42114DF4A00CF2749 /* Build configuration list for PBXProject "Trvlr" */;
			compatibilityVersion = "Xcode 9.3";
			developmentRegion = en;
			hasScannedForEncodings = 0;
			knownRegions = (
				en,
				Base,
			);
			mainGroup = 8F184FC02114DF4A00CF2749;
			productRefGroup = 8F184FCA2114DF4A00CF2749 /* Products */;
			projectDirPath = "";
			projectRoot = "";
			targets = (
				8F184FC82114DF4A00CF2749 /* Trvlr */,
			);
		};
/* End PBXProject section */

/* Begin PBXResourcesBuildPhase section */
		8F184FC72114DF4A00CF2749 /* Resources */ = {
			isa = PBXResourcesBuildPhase;
			buildActionMask = 2147483647;
			files = (
				8F12A8912117DEF4006E32D8 /* Place.storyboard in Resources */,
				8F184FD72114DF4B00CF2749 /* LaunchScreen.storyboard in Resources */,
				8F184FD42114DF4B00CF2749 /* Assets.xcassets in Resources */,
				8F184FD22114DF4A00CF2749 /* Main.storyboard in Resources */,
			);
			runOnlyForDeploymentPostprocessing = 0;
		};
/* End PBXResourcesBuildPhase section */

/* Begin PBXSourcesBuildPhase section */
		8F184FC52114DF4A00CF2749 /* Sources */ = {
			isa = PBXSourcesBuildPhase;
			buildActionMask = 2147483647;
			files = (
				8F184FE32114E71C00CF2749 /* ContinentsViewController.swift in Sources */,
				8F184FF22114EE5600CF2749 /* PlanViewController.swift in Sources */,
				8F184FEE2114ED1700CF2749 /* TripViewController.swift in Sources */,
				8F184FE12114E70000CF2749 /* YourListViewController.swift in Sources */,
				8F184FDF2114E62300CF2749 /* MapViewController.swift in Sources */,
				8F6257E921168F2400794E4D /* Errors.swift in Sources */,
				8F184FEA2114EC6A00CF2749 /* CitiesViewController.swift in Sources */,
				8F184FEC2114ECC500CF2749 /* DayPlansTableViewController.swift in Sources */,
				8FB651AE2118F96E00552D44 /* CountryCell.swift in Sources */,
				8F184FE82114EC5E00CF2749 /* CountriesViewController.swift in Sources */,
				8FB651B12118FD8D00552D44 /* Country.swift in Sources */,
				8F3EBFBB2118BE8800CFC124 /* UIViewController+Additions.swift in Sources */,
				8F6257E521167EDB00794E4D /* TrvlrAPI.swift in Sources */,
				8F3EBFB92118ACBE00CFC124 /* AppStoryboard.swift in Sources */,
				8F6257EB2116909800794E4D /* Continent.swift in Sources */,
				8F184FCD2114DF4A00CF2749 /* AppDelegate.swift in Sources */,
				8F6257E72116881700794E4D /* HomeViewController.swift in Sources */,
				8F184FF02114EE2D00CF2749 /* ExpensesViewController.swift in Sources */,
			);
			runOnlyForDeploymentPostprocessing = 0;
		};
/* End PBXSourcesBuildPhase section */

/* Begin PBXVariantGroup section */
		8F184FD02114DF4A00CF2749 /* Main.storyboard */ = {
			isa = PBXVariantGroup;
			children = (
				8F184FD12114DF4A00CF2749 /* Base */,
			);
			name = Main.storyboard;
			sourceTree = "<group>";
		};
		8F184FD52114DF4B00CF2749 /* LaunchScreen.storyboard */ = {
			isa = PBXVariantGroup;
			children = (
				8F184FD62114DF4B00CF2749 /* Base */,
			);
			name = LaunchScreen.storyboard;
			sourceTree = "<group>";
		};
/* End PBXVariantGroup section */

/* Begin XCBuildConfiguration section */
		8F184FD92114DF4B00CF2749 /* Debug */ = {
			isa = XCBuildConfiguration;
			buildSettings = {
				ALWAYS_SEARCH_USER_PATHS = NO;
				CLANG_ANALYZER_NONNULL = YES;
				CLANG_ANALYZER_NUMBER_OBJECT_CONVERSION = YES_AGGRESSIVE;
				CLANG_CXX_LANGUAGE_STANDARD = "gnu++14";
				CLANG_CXX_LIBRARY = "libc++";
				CLANG_ENABLE_MODULES = YES;
				CLANG_ENABLE_OBJC_ARC = YES;
				CLANG_ENABLE_OBJC_WEAK = YES;
				CLANG_WARN_BLOCK_CAPTURE_AUTORELEASING = YES;
				CLANG_WARN_BOOL_CONVERSION = YES;
				CLANG_WARN_COMMA = YES;
				CLANG_WARN_CONSTANT_CONVERSION = YES;
				CLANG_WARN_DEPRECATED_OBJC_IMPLEMENTATIONS = YES;
				CLANG_WARN_DIRECT_OBJC_ISA_USAGE = YES_ERROR;
				CLANG_WARN_DOCUMENTATION_COMMENTS = YES;
				CLANG_WARN_EMPTY_BODY = YES;
				CLANG_WARN_ENUM_CONVERSION = YES;
				CLANG_WARN_INFINITE_RECURSION = YES;
				CLANG_WARN_INT_CONVERSION = YES;
				CLANG_WARN_NON_LITERAL_NULL_CONVERSION = YES;
				CLANG_WARN_OBJC_IMPLICIT_RETAIN_SELF = YES;
				CLANG_WARN_OBJC_LITERAL_CONVERSION = YES;
				CLANG_WARN_OBJC_ROOT_CLASS = YES_ERROR;
				CLANG_WARN_RANGE_LOOP_ANALYSIS = YES;
				CLANG_WARN_STRICT_PROTOTYPES = YES;
				CLANG_WARN_SUSPICIOUS_MOVE = YES;
				CLANG_WARN_UNGUARDED_AVAILABILITY = YES_AGGRESSIVE;
				CLANG_WARN_UNREACHABLE_CODE = YES;
				CLANG_WARN__DUPLICATE_METHOD_MATCH = YES;
				CODE_SIGN_IDENTITY = "iPhone Developer";
				COPY_PHASE_STRIP = NO;
				DEBUG_INFORMATION_FORMAT = dwarf;
				ENABLE_STRICT_OBJC_MSGSEND = YES;
				ENABLE_TESTABILITY = YES;
				GCC_C_LANGUAGE_STANDARD = gnu11;
				GCC_DYNAMIC_NO_PIC = NO;
				GCC_NO_COMMON_BLOCKS = YES;
				GCC_OPTIMIZATION_LEVEL = 0;
				GCC_PREPROCESSOR_DEFINITIONS = (
					"DEBUG=1",
					"$(inherited)",
				);
				GCC_WARN_64_TO_32_BIT_CONVERSION = YES;
				GCC_WARN_ABOUT_RETURN_TYPE = YES_ERROR;
				GCC_WARN_UNDECLARED_SELECTOR = YES;
				GCC_WARN_UNINITIALIZED_AUTOS = YES_AGGRESSIVE;
				GCC_WARN_UNUSED_FUNCTION = YES;
				GCC_WARN_UNUSED_VARIABLE = YES;
				IPHONEOS_DEPLOYMENT_TARGET = 11.4;
				MTL_ENABLE_DEBUG_INFO = YES;
				ONLY_ACTIVE_ARCH = YES;
				SDKROOT = iphoneos;
				SWIFT_ACTIVE_COMPILATION_CONDITIONS = DEBUG;
				SWIFT_OPTIMIZATION_LEVEL = "-Onone";
			};
			name = Debug;
		};
		8F184FDA2114DF4B00CF2749 /* Release */ = {
			isa = XCBuildConfiguration;
			buildSettings = {
				ALWAYS_SEARCH_USER_PATHS = NO;
				CLANG_ANALYZER_NONNULL = YES;
				CLANG_ANALYZER_NUMBER_OBJECT_CONVERSION = YES_AGGRESSIVE;
				CLANG_CXX_LANGUAGE_STANDARD = "gnu++14";
				CLANG_CXX_LIBRARY = "libc++";
				CLANG_ENABLE_MODULES = YES;
				CLANG_ENABLE_OBJC_ARC = YES;
				CLANG_ENABLE_OBJC_WEAK = YES;
				CLANG_WARN_BLOCK_CAPTURE_AUTORELEASING = YES;
				CLANG_WARN_BOOL_CONVERSION = YES;
				CLANG_WARN_COMMA = YES;
				CLANG_WARN_CONSTANT_CONVERSION = YES;
				CLANG_WARN_DEPRECATED_OBJC_IMPLEMENTATIONS = YES;
				CLANG_WARN_DIRECT_OBJC_ISA_USAGE = YES_ERROR;
				CLANG_WARN_DOCUMENTATION_COMMENTS = YES;
				CLANG_WARN_EMPTY_BODY = YES;
				CLANG_WARN_ENUM_CONVERSION = YES;
				CLANG_WARN_INFINITE_RECURSION = YES;
				CLANG_WARN_INT_CONVERSION = YES;
				CLANG_WARN_NON_LITERAL_NULL_CONVERSION = YES;
				CLANG_WARN_OBJC_IMPLICIT_RETAIN_SELF = YES;
				CLANG_WARN_OBJC_LITERAL_CONVERSION = YES;
				CLANG_WARN_OBJC_ROOT_CLASS = YES_ERROR;
				CLANG_WARN_RANGE_LOOP_ANALYSIS = YES;
				CLANG_WARN_STRICT_PROTOTYPES = YES;
				CLANG_WARN_SUSPICIOUS_MOVE = YES;
				CLANG_WARN_UNGUARDED_AVAILABILITY = YES_AGGRESSIVE;
				CLANG_WARN_UNREACHABLE_CODE = YES;
				CLANG_WARN__DUPLICATE_METHOD_MATCH = YES;
				CODE_SIGN_IDENTITY = "iPhone Developer";
				COPY_PHASE_STRIP = NO;
				DEBUG_INFORMATION_FORMAT = "dwarf-with-dsym";
				ENABLE_NS_ASSERTIONS = NO;
				ENABLE_STRICT_OBJC_MSGSEND = YES;
				GCC_C_LANGUAGE_STANDARD = gnu11;
				GCC_NO_COMMON_BLOCKS = YES;
				GCC_WARN_64_TO_32_BIT_CONVERSION = YES;
				GCC_WARN_ABOUT_RETURN_TYPE = YES_ERROR;
				GCC_WARN_UNDECLARED_SELECTOR = YES;
				GCC_WARN_UNINITIALIZED_AUTOS = YES_AGGRESSIVE;
				GCC_WARN_UNUSED_FUNCTION = YES;
				GCC_WARN_UNUSED_VARIABLE = YES;
				IPHONEOS_DEPLOYMENT_TARGET = 11.4;
				MTL_ENABLE_DEBUG_INFO = NO;
				SDKROOT = iphoneos;
				SWIFT_COMPILATION_MODE = wholemodule;
				SWIFT_OPTIMIZATION_LEVEL = "-O";
				VALIDATE_PRODUCT = YES;
			};
			name = Release;
		};
		8F184FDC2114DF4B00CF2749 /* Debug */ = {
			isa = XCBuildConfiguration;
			buildSettings = {
				ASSETCATALOG_COMPILER_APPICON_NAME = AppIcon;
				CODE_SIGN_STYLE = Automatic;
				DEVELOPMENT_TEAM = XG84P2VT48;
				INFOPLIST_FILE = Trvlr/Info.plist;
				LD_RUNPATH_SEARCH_PATHS = (
					"$(inherited)",
					"@executable_path/Frameworks",
				);
				PRODUCT_BUNDLE_IDENTIFIER = com.voxqhuy.Trvlr;
				PRODUCT_NAME = "$(TARGET_NAME)";
				SWIFT_VERSION = 4.0;
				TARGETED_DEVICE_FAMILY = "1,2";
			};
			name = Debug;
		};
		8F184FDD2114DF4B00CF2749 /* Release */ = {
			isa = XCBuildConfiguration;
			buildSettings = {
				ASSETCATALOG_COMPILER_APPICON_NAME = AppIcon;
				CODE_SIGN_STYLE = Automatic;
				DEVELOPMENT_TEAM = XG84P2VT48;
				INFOPLIST_FILE = Trvlr/Info.plist;
				LD_RUNPATH_SEARCH_PATHS = (
					"$(inherited)",
					"@executable_path/Frameworks",
				);
				PRODUCT_BUNDLE_IDENTIFIER = com.voxqhuy.Trvlr;
				PRODUCT_NAME = "$(TARGET_NAME)";
				SWIFT_VERSION = 4.0;
				TARGETED_DEVICE_FAMILY = "1,2";
			};
			name = Release;
		};
/* End XCBuildConfiguration section */

/* Begin XCConfigurationList section */
		8F184FC42114DF4A00CF2749 /* Build configuration list for PBXProject "Trvlr" */ = {
			isa = XCConfigurationList;
			buildConfigurations = (
				8F184FD92114DF4B00CF2749 /* Debug */,
				8F184FDA2114DF4B00CF2749 /* Release */,
			);
			defaultConfigurationIsVisible = 0;
			defaultConfigurationName = Release;
		};
		8F184FDB2114DF4B00CF2749 /* Build configuration list for PBXNativeTarget "Trvlr" */ = {
			isa = XCConfigurationList;
			buildConfigurations = (
				8F184FDC2114DF4B00CF2749 /* Debug */,
				8F184FDD2114DF4B00CF2749 /* Release */,
			);
			defaultConfigurationIsVisible = 0;
			defaultConfigurationName = Release;
		};
/* End XCConfigurationList section */
	};
	rootObject = 8F184FC12114DF4A00CF2749 /* Project object */;
}
